// !$*UTF8*$!
{
	archiveVersion = 1;
	classes = {
	};
	objectVersion = 55;
	objects = {

/* Begin PBXBuildFile section */
		8EA1483B278FA1A800872087 /* BreakGroundApp.swift in Sources */ = {isa = PBXBuildFile; fileRef = 8EA1483A278FA1A800872087 /* BreakGroundApp.swift */; };
		8EA1483D278FA1A800872087 /* ContentView.swift in Sources */ = {isa = PBXBuildFile; fileRef = 8EA1483C278FA1A800872087 /* ContentView.swift */; };
		8EA1483F278FA1AA00872087 /* Assets.xcassets in Resources */ = {isa = PBXBuildFile; fileRef = 8EA1483E278FA1AA00872087 /* Assets.xcassets */; };
		8EA14842278FA1AA00872087 /* Preview Assets.xcassets in Resources */ = {isa = PBXBuildFile; fileRef = 8EA14841278FA1AA00872087 /* Preview Assets.xcassets */; };
		8EA1484C278FA1AA00872087 /* BreakGroundTests.swift in Sources */ = {isa = PBXBuildFile; fileRef = 8EA1484B278FA1AA00872087 /* BreakGroundTests.swift */; };
		8EA14856278FA1AA00872087 /* BreakGroundUITests.swift in Sources */ = {isa = PBXBuildFile; fileRef = 8EA14855278FA1AA00872087 /* BreakGroundUITests.swift */; };
		8EA14858278FA1AA00872087 /* BreakGroundUITestsLaunchTests.swift in Sources */ = {isa = PBXBuildFile; fileRef = 8EA14857278FA1AA00872087 /* BreakGroundUITestsLaunchTests.swift */; };
/* End PBXBuildFile section */

/* Begin PBXContainerItemProxy section */
		8EA14848278FA1AA00872087 /* PBXContainerItemProxy */ = {
			isa = PBXContainerItemProxy;
			containerPortal = 8EA1482F278FA1A800872087 /* Project object */;
			proxyType = 1;
			remoteGlobalIDString = 8EA14836278FA1A800872087;
			remoteInfo = BreakGround;
		};
		8EA14852278FA1AA00872087 /* PBXContainerItemProxy */ = {
			isa = PBXContainerItemProxy;
			containerPortal = 8EA1482F278FA1A800872087 /* Project object */;
			proxyType = 1;
			remoteGlobalIDString = 8EA14836278FA1A800872087;
			remoteInfo = BreakGround;
		};
/* End PBXContainerItemProxy section */

/* Begin PBXFileReference section */
		8EA14837278FA1A800872087 /* BreakGround.app */ = {isa = PBXFileReference; explicitFileType = wrapper.application; includeInIndex = 0; path = BreakGround.app; sourceTree = BUILT_PRODUCTS_DIR; };
		8EA1483A278FA1A800872087 /* BreakGroundApp.swift */ = {isa = PBXFileReference; lastKnownFileType = sourcecode.swift; path = BreakGroundApp.swift; sourceTree = "<group>"; };
		8EA1483C278FA1A800872087 /* ContentView.swift */ = {isa = PBXFileReference; lastKnownFileType = sourcecode.swift; path = ContentView.swift; sourceTree = "<group>"; };
		8EA1483E278FA1AA00872087 /* Assets.xcassets */ = {isa = PBXFileReference; lastKnownFileType = folder.assetcatalog; path = Assets.xcassets; sourceTree = "<group>"; };
		8EA14841278FA1AA00872087 /* Preview Assets.xcassets */ = {isa = PBXFileReference; lastKnownFileType = folder.assetcatalog; path = "Preview Assets.xcassets"; sourceTree = "<group>"; };
		8EA14847278FA1AA00872087 /* BreakGroundTests.xctest */ = {isa = PBXFileReference; explicitFileType = wrapper.cfbundle; includeInIndex = 0; path = BreakGroundTests.xctest; sourceTree = BUILT_PRODUCTS_DIR; };
		8EA1484B278FA1AA00872087 /* BreakGroundTests.swift */ = {isa = PBXFileReference; lastKnownFileType = sourcecode.swift; path = BreakGroundTests.swift; sourceTree = "<group>"; };
		8EA14851278FA1AA00872087 /* BreakGroundUITests.xctest */ = {isa = PBXFileReference; explicitFileType = wrapper.cfbundle; includeInIndex = 0; path = BreakGroundUITests.xctest; sourceTree = BUILT_PRODUCTS_DIR; };
		8EA14855278FA1AA00872087 /* BreakGroundUITests.swift */ = {isa = PBXFileReference; lastKnownFileType = sourcecode.swift; path = BreakGroundUITests.swift; sourceTree = "<group>"; };
		8EA14857278FA1AA00872087 /* BreakGroundUITestsLaunchTests.swift */ = {isa = PBXFileReference; lastKnownFileType = sourcecode.swift; path = BreakGroundUITestsLaunchTests.swift; sourceTree = "<group>"; };
/* End PBXFileReference section */

/* Begin PBXFrameworksBuildPhase section */
		8EA14834278FA1A800872087 /* Frameworks */ = {
			isa = PBXFrameworksBuildPhase;
			buildActionMask = 2147483647;
			files = (
			);
			runOnlyForDeploymentPostprocessing = 0;
		};
		8EA14844278FA1AA00872087 /* Frameworks */ = {
			isa = PBXFrameworksBuildPhase;
			buildActionMask = 2147483647;
			files = (
			);
			runOnlyForDeploymentPostprocessing = 0;
		};
		8EA1484E278FA1AA00872087 /* Frameworks */ = {
			isa = PBXFrameworksBuildPhase;
			buildActionMask = 2147483647;
			files = (
			);
			runOnlyForDeploymentPostprocessing = 0;
		};
/* End PBXFrameworksBuildPhase section */

/* Begin PBXGroup section */
		8EA1482E278FA1A800872087 = {
			isa = PBXGroup;
			children = (
				8EA14839278FA1A800872087 /* BreakGround */,
				8EA1484A278FA1AA00872087 /* BreakGroundTests */,
				8EA14854278FA1AA00872087 /* BreakGroundUITests */,
				8EA14838278FA1A800872087 /* Products */,
			);
			sourceTree = "<group>";
		};
		8EA14838278FA1A800872087 /* Products */ = {
			isa = PBXGroup;
			children = (
				8EA14837278FA1A800872087 /* BreakGround.app */,
				8EA14847278FA1AA00872087 /* BreakGroundTests.xctest */,
				8EA14851278FA1AA00872087 /* BreakGroundUITests.xctest */,
			);
			name = Products;
			sourceTree = "<group>";
		};
		8EA14839278FA1A800872087 /* BreakGround */ = {
			isa = PBXGroup;
			children = (
				8EA1483A278FA1A800872087 /* BreakGroundApp.swift */,
				8EA1483C278FA1A800872087 /* ContentView.swift */,
				8EA1483E278FA1AA00872087 /* Assets.xcassets */,
				8EA14840278FA1AA00872087 /* Preview Content */,
			);
			path = BreakGround;
			sourceTree = "<group>";
		};
		8EA14840278FA1AA00872087 /* Preview Content */ = {
			isa = PBXGroup;
			children = (
				8EA14841278FA1AA00872087 /* Preview Assets.xcassets */,
			);
			path = "Preview Content";
			sourceTree = "<group>";
		};
		8EA1484A278FA1AA00872087 /* BreakGroundTests */ = {
			isa = PBXGroup;
			children = (
				8EA1484B278FA1AA00872087 /* BreakGroundTests.swift */,
			);
			path = BreakGroundTests;
			sourceTree = "<group>";
		};
		8EA14854278FA1AA00872087 /* BreakGroundUITests */ = {
			isa = PBXGroup;
			children = (
				8EA14855278FA1AA00872087 /* BreakGroundUITests.swift */,
				8EA14857278FA1AA00872087 /* BreakGroundUITestsLaunchTests.swift */,
			);
			path = BreakGroundUITests;
			sourceTree = "<group>";
		};
/* End PBXGroup section */

/* Begin PBXNativeTarget section */
		8EA14836278FA1A800872087 /* BreakGround */ = {
			isa = PBXNativeTarget;
			buildConfigurationList = 8EA1485B278FA1AA00872087 /* Build configuration list for PBXNativeTarget "BreakGround" */;
			buildPhases = (
				8EA14833278FA1A800872087 /* Sources */,
				8EA14834278FA1A800872087 /* Frameworks */,
				8EA14835278FA1A800872087 /* Resources */,
			);
			buildRules = (
			);
			dependencies = (
			);
			name = BreakGround;
			productName = BreakGround;
			productReference = 8EA14837278FA1A800872087 /* BreakGround.app */;
			productType = "com.apple.product-type.application";
		};
		8EA14846278FA1AA00872087 /* BreakGroundTests */ = {
			isa = PBXNativeTarget;
			buildConfigurationList = 8EA1485E278FA1AA00872087 /* Build configuration list for PBXNativeTarget "BreakGroundTests" */;
			buildPhases = (
				8EA14843278FA1AA00872087 /* Sources */,
				8EA14844278FA1AA00872087 /* Frameworks */,
				8EA14845278FA1AA00872087 /* Resources */,
			);
			buildRules = (
			);
			dependencies = (
				8EA14849278FA1AA00872087 /* PBXTargetDependency */,
			);
			name = BreakGroundTests;
			productName = BreakGroundTests;
			productReference = 8EA14847278FA1AA00872087 /* BreakGroundTests.xctest */;
			productType = "com.apple.product-type.bundle.unit-test";
		};
		8EA14850278FA1AA00872087 /* BreakGroundUITests */ = {
			isa = PBXNativeTarget;
			buildConfigurationList = 8EA14861278FA1AA00872087 /* Build configuration list for PBXNativeTarget "BreakGroundUITests" */;
			buildPhases = (
				8EA1484D278FA1AA00872087 /* Sources */,
				8EA1484E278FA1AA00872087 /* Frameworks */,
				8EA1484F278FA1AA00872087 /* Resources */,
			);
			buildRules = (
			);
			dependencies = (
				8EA14853278FA1AA00872087 /* PBXTargetDependency */,
			);
			name = BreakGroundUITests;
			productName = BreakGroundUITests;
			productReference = 8EA14851278FA1AA00872087 /* BreakGroundUITests.xctest */;
			productType = "com.apple.product-type.bundle.ui-testing";
		};
/* End PBXNativeTarget section */

/* Begin PBXProject section */
		8EA1482F278FA1A800872087 /* Project object */ = {
			isa = PBXProject;
			attributes = {
				BuildIndependentTargetsInParallel = 1;
				LastSwiftUpdateCheck = 1320;
				LastUpgradeCheck = 1320;
				TargetAttributes = {
					8EA14836278FA1A800872087 = {
						CreatedOnToolsVersion = 13.2.1;
					};
					8EA14846278FA1AA00872087 = {
						CreatedOnToolsVersion = 13.2.1;
						TestTargetID = 8EA14836278FA1A800872087;
					};
					8EA14850278FA1AA00872087 = {
						CreatedOnToolsVersion = 13.2.1;
						TestTargetID = 8EA14836278FA1A800872087;
					};
				};
			};
			buildConfigurationList = 8EA14832278FA1A800872087 /* Build configuration list for PBXProject "BreakGround" */;
			compatibilityVersion = "Xcode 13.0";
			developmentRegion = en;
			hasScannedForEncodings = 0;
			knownRegions = (
				en,
				Base,
			);
			mainGroup = 8EA1482E278FA1A800872087;
			productRefGroup = 8EA14838278FA1A800872087 /* Products */;
			projectDirPath = "";
			projectRoot = "";
			targets = (
				8EA14836278FA1A800872087 /* BreakGround */,
				8EA14846278FA1AA00872087 /* BreakGroundTests */,
				8EA14850278FA1AA00872087 /* BreakGroundUITests */,
			);
		};
/* End PBXProject section */

/* Begin PBXResourcesBuildPhase section */
		8EA14835278FA1A800872087 /* Resources */ = {
			isa = PBXResourcesBuildPhase;
			buildActionMask = 2147483647;
			files = (
				8EA14842278FA1AA00872087 /* Preview Assets.xcassets in Resources */,
				8EA1483F278FA1AA00872087 /* Assets.xcassets in Resources */,
			);
			runOnlyForDeploymentPostprocessing = 0;
		};
		8EA14845278FA1AA00872087 /* Resources */ = {
			isa = PBXResourcesBuildPhase;
			buildActionMask = 2147483647;
			files = (
			);
			runOnlyForDeploymentPostprocessing = 0;
		};
		8EA1484F278FA1AA00872087 /* Resources */ = {
			isa = PBXResourcesBuildPhase;
			buildActionMask = 2147483647;
			files = (
			);
			runOnlyForDeploymentPostprocessing = 0;
		};
/* End PBXResourcesBuildPhase section */

/* Begin PBXSourcesBuildPhase section */
		8EA14833278FA1A800872087 /* Sources */ = {
			isa = PBXSourcesBuildPhase;
			buildActionMask = 2147483647;
			files = (
				8EA1483D278FA1A800872087 /* ContentView.swift in Sources */,
				8EA1483B278FA1A800872087 /* BreakGroundApp.swift in Sources */,
			);
			runOnlyForDeploymentPostprocessing = 0;
		};
		8EA14843278FA1AA00872087 /* Sources */ = {
			isa = PBXSourcesBuildPhase;
			buildActionMask = 2147483647;
			files = (
				8EA1484C278FA1AA00872087 /* BreakGroundTests.swift in Sources */,
			);
			runOnlyForDeploymentPostprocessing = 0;
		};
		8EA1484D278FA1AA00872087 /* Sources */ = {
			isa = PBXSourcesBuildPhase;
			buildActionMask = 2147483647;
			files = (
				8EA14856278FA1AA00872087 /* BreakGroundUITests.swift in Sources */,
				8EA14858278FA1AA00872087 /* BreakGroundUITestsLaunchTests.swift in Sources */,
			);
			runOnlyForDeploymentPostprocessing = 0;
		};
/* End PBXSourcesBuildPhase section */

/* Begin PBXTargetDependency section */
		8EA14849278FA1AA00872087 /* PBXTargetDependency */ = {
			isa = PBXTargetDependency;
			target = 8EA14836278FA1A800872087 /* BreakGround */;
			targetProxy = 8EA14848278FA1AA00872087 /* PBXContainerItemProxy */;
		};
		8EA14853278FA1AA00872087 /* PBXTargetDependency */ = {
			isa = PBXTargetDependency;
			target = 8EA14836278FA1A800872087 /* BreakGround */;
			targetProxy = 8EA14852278FA1AA00872087 /* PBXContainerItemProxy */;
		};
/* End PBXTargetDependency section */

/* Begin XCBuildConfiguration section */
		8EA14859278FA1AA00872087 /* Debug */ = {
			isa = XCBuildConfiguration;
			buildSettings = {
				ALWAYS_SEARCH_USER_PATHS = NO;
				CLANG_ANALYZER_NONNULL = YES;
				CLANG_ANALYZER_NUMBER_OBJECT_CONVERSION = YES_AGGRESSIVE;
				CLANG_CXX_LANGUAGE_STANDARD = "gnu++17";
				CLANG_CXX_LIBRARY = "libc++";
				CLANG_ENABLE_MODULES = YES;
				CLANG_ENABLE_OBJC_ARC = YES;
				CLANG_ENABLE_OBJC_WEAK = YES;
				CLANG_WARN_BLOCK_CAPTURE_AUTORELEASING = YES;
				CLANG_WARN_BOOL_CONVERSION = YES;
				CLANG_WARN_COMMA = YES;
				CLANG_WARN_CONSTANT_CONVERSION = YES;
				CLANG_WARN_DEPRECATED_OBJC_IMPLEMENTATIONS = YES;
				CLANG_WARN_DIRECT_OBJC_ISA_USAGE = YES_ERROR;
				CLANG_WARN_DOCUMENTATION_COMMENTS = YES;
				CLANG_WARN_EMPTY_BODY = YES;
				CLANG_WARN_ENUM_CONVERSION = YES;
				CLANG_WARN_INFINITE_RECURSION = YES;
				CLANG_WARN_INT_CONVERSION = YES;
				CLANG_WARN_NON_LITERAL_NULL_CONVERSION = YES;
				CLANG_WARN_OBJC_IMPLICIT_RETAIN_SELF = YES;
				CLANG_WARN_OBJC_LITERAL_CONVERSION = YES;
				CLANG_WARN_OBJC_ROOT_CLASS = YES_ERROR;
				CLANG_WARN_QUOTED_INCLUDE_IN_FRAMEWORK_HEADER = YES;
				CLANG_WARN_RANGE_LOOP_ANALYSIS = YES;
				CLANG_WARN_STRICT_PROTOTYPES = YES;
				CLANG_WARN_SUSPICIOUS_MOVE = YES;
				CLANG_WARN_UNGUARDED_AVAILABILITY = YES_AGGRESSIVE;
				CLANG_WARN_UNREACHABLE_CODE = YES;
				CLANG_WARN__DUPLICATE_METHOD_MATCH = YES;
				COPY_PHASE_STRIP = NO;
				DEBUG_INFORMATION_FORMAT = dwarf;
				ENABLE_STRICT_OBJC_MSGSEND = YES;
				ENABLE_TESTABILITY = YES;
				GCC_C_LANGUAGE_STANDARD = gnu11;
				GCC_DYNAMIC_NO_PIC = NO;
				GCC_NO_COMMON_BLOCKS = YES;
				GCC_OPTIMIZATION_LEVEL = 0;
				GCC_PREPROCESSOR_DEFINITIONS = (
					"DEBUG=1",
					"$(inherited)",
				);
				GCC_WARN_64_TO_32_BIT_CONVERSION = YES;
				GCC_WARN_ABOUT_RETURN_TYPE = YES_ERROR;
				GCC_WARN_UNDECLARED_SELECTOR = YES;
				GCC_WARN_UNINITIALIZED_AUTOS = YES_AGGRESSIVE;
				GCC_WARN_UNUSED_FUNCTION = YES;
				GCC_WARN_UNUSED_VARIABLE = YES;
				IPHONEOS_DEPLOYMENT_TARGET = 15.2;
				MTL_ENABLE_DEBUG_INFO = INCLUDE_SOURCE;
				MTL_FAST_MATH = YES;
				ONLY_ACTIVE_ARCH = YES;
				SDKROOT = iphoneos;
				SWIFT_ACTIVE_COMPILATION_CONDITIONS = DEBUG;
				SWIFT_OPTIMIZATION_LEVEL = "-Onone";
			};
			name = Debug;
		};
		8EA1485A278FA1AA00872087 /* Release */ = {
			isa = XCBuildConfiguration;
			buildSettings = {
				ALWAYS_SEARCH_USER_PATHS = NO;
				CLANG_ANALYZER_NONNULL = YES;
				CLANG_ANALYZER_NUMBER_OBJECT_CONVERSION = YES_AGGRESSIVE;
				CLANG_CXX_LANGUAGE_STANDARD = "gnu++17";
				CLANG_CXX_LIBRARY = "libc++";
				CLANG_ENABLE_MODULES = YES;
				CLANG_ENABLE_OBJC_ARC = YES;
				CLANG_ENABLE_OBJC_WEAK = YES;
				CLANG_WARN_BLOCK_CAPTURE_AUTORELEASING = YES;
				CLANG_WARN_BOOL_CONVERSION = YES;
				CLANG_WARN_COMMA = YES;
				CLANG_WARN_CONSTANT_CONVERSION = YES;
				CLANG_WARN_DEPRECATED_OBJC_IMPLEMENTATIONS = YES;
				CLANG_WARN_DIRECT_OBJC_ISA_USAGE = YES_ERROR;
				CLANG_WARN_DOCUMENTATION_COMMENTS = YES;
				CLANG_WARN_EMPTY_BODY = YES;
				CLANG_WARN_ENUM_CONVERSION = YES;
				CLANG_WARN_INFINITE_RECURSION = YES;
				CLANG_WARN_INT_CONVERSION = YES;
				CLANG_WARN_NON_LITERAL_NULL_CONVERSION = YES;
				CLANG_WARN_OBJC_IMPLICIT_RETAIN_SELF = YES;
				CLANG_WARN_OBJC_LITERAL_CONVERSION = YES;
				CLANG_WARN_OBJC_ROOT_CLASS = YES_ERROR;
				CLANG_WARN_QUOTED_INCLUDE_IN_FRAMEWORK_HEADER = YES;
				CLANG_WARN_RANGE_LOOP_ANALYSIS = YES;
				CLANG_WARN_STRICT_PROTOTYPES = YES;
				CLANG_WARN_SUSPICIOUS_MOVE = YES;
				CLANG_WARN_UNGUARDED_AVAILABILITY = YES_AGGRESSIVE;
				CLANG_WARN_UNREACHABLE_CODE = YES;
				CLANG_WARN__DUPLICATE_METHOD_MATCH = YES;
				COPY_PHASE_STRIP = NO;
				DEBUG_INFORMATION_FORMAT = "dwarf-with-dsym";
				ENABLE_NS_ASSERTIONS = NO;
				ENABLE_STRICT_OBJC_MSGSEND = YES;
				GCC_C_LANGUAGE_STANDARD = gnu11;
				GCC_NO_COMMON_BLOCKS = YES;
				GCC_WARN_64_TO_32_BIT_CONVERSION = YES;
				GCC_WARN_ABOUT_RETURN_TYPE = YES_ERROR;
				GCC_WARN_UNDECLARED_SELECTOR = YES;
				GCC_WARN_UNINITIALIZED_AUTOS = YES_AGGRESSIVE;
				GCC_WARN_UNUSED_FUNCTION = YES;
				GCC_WARN_UNUSED_VARIABLE = YES;
				IPHONEOS_DEPLOYMENT_TARGET = 15.2;
				MTL_ENABLE_DEBUG_INFO = NO;
				MTL_FAST_MATH = YES;
				SDKROOT = iphoneos;
				SWIFT_COMPILATION_MODE = wholemodule;
				SWIFT_OPTIMIZATION_LEVEL = "-O";
				VALIDATE_PRODUCT = YES;
			};
			name = Release;
		};
		8EA1485C278FA1AA00872087 /* Debug */ = {
			isa = XCBuildConfiguration;
			buildSettings = {
				ASSETCATALOG_COMPILER_APPICON_NAME = AppIcon;
				ASSETCATALOG_COMPILER_GLOBAL_ACCENT_COLOR_NAME = AccentColor;
				CODE_SIGN_IDENTITY = "Apple Development";
				CODE_SIGN_STYLE = Automatic;
				CURRENT_PROJECT_VERSION = 1;
				DEVELOPMENT_ASSET_PATHS = "\"BreakGround/Preview Content\"";
				DEVELOPMENT_TEAM = 5A42JR33J8;
				ENABLE_PREVIEWS = YES;
				GENERATE_INFOPLIST_FILE = YES;
				INFOPLIST_KEY_UIApplicationSceneManifest_Generation = YES;
				INFOPLIST_KEY_UIApplicationSupportsIndirectInputEvents = YES;
				INFOPLIST_KEY_UILaunchScreen_Generation = YES;
				INFOPLIST_KEY_UISupportedInterfaceOrientations_iPad = "UIInterfaceOrientationPortrait UIInterfaceOrientationPortraitUpsideDown UIInterfaceOrientationLandscapeLeft UIInterfaceOrientationLandscapeRight";
				INFOPLIST_KEY_UISupportedInterfaceOrientations_iPhone = "UIInterfaceOrientationPortrait UIInterfaceOrientationLandscapeLeft UIInterfaceOrientationLandscapeRight";
				LD_RUNPATH_SEARCH_PATHS = (
					"$(inherited)",
					"@executable_path/Frameworks",
				);
				MARKETING_VERSION = 1.0;
				PRODUCT_BUNDLE_IDENTIFIER = edu.psu.bxy5090.BreakGround;
				PRODUCT_NAME = "$(TARGET_NAME)";
				PROVISIONING_PROFILE_SPECIFIER = "";
				SWIFT_EMIT_LOC_STRINGS = YES;
				SWIFT_VERSION = 5.0;
				TARGETED_DEVICE_FAMILY = "1,2";
			};
			name = Debug;
		};
		8EA1485D278FA1AA00872087 /* Release */ = {
			isa = XCBuildConfiguration;
			buildSettings = {
				ASSETCATALOG_COMPILER_APPICON_NAME = AppIcon;
				ASSETCATALOG_COMPILER_GLOBAL_ACCENT_COLOR_NAME = AccentColor;
				CODE_SIGN_IDENTITY = "Apple Development";
				CODE_SIGN_STYLE = Automatic;
				CURRENT_PROJECT_VERSION = 1;
				DEVELOPMENT_ASSET_PATHS = "\"BreakGround/Preview Content\"";
				DEVELOPMENT_TEAM = 5A42JR33J8;
				ENABLE_PREVIEWS = YES;
				GENERATE_INFOPLIST_FILE = YES;
				INFOPLIST_KEY_UIApplicationSceneManifest_Generation = YES;
				INFOPLIST_KEY_UIApplicationSupportsIndirectInputEvents = YES;
				INFOPLIST_KEY_UILaunchScreen_Generation = YES;
				INFOPLIST_KEY_UISupportedInterfaceOrientations_iPad = "UIInterfaceOrientationPortrait UIInterfaceOrientationPortraitUpsideDown UIInterfaceOrientationLandscapeLeft UIInterfaceOrientationLandscapeRight";
				INFOPLIST_KEY_UISupportedInterfaceOrientations_iPhone = "UIInterfaceOrientationPortrait UIInterfaceOrientationLandscapeLeft UIInterfaceOrientationLandscapeRight";
				LD_RUNPATH_SEARCH_PATHS = (
					"$(inherited)",
					"@executable_path/Frameworks",
				);
				MARKETING_VERSION = 1.0;
				PRODUCT_BUNDLE_IDENTIFIER = edu.psu.bxy5090.BreakGround;
				PRODUCT_NAME = "$(TARGET_NAME)";
				PROVISIONING_PROFILE_SPECIFIER = "";
				SWIFT_EMIT_LOC_STRINGS = YES;
				SWIFT_VERSION = 5.0;
				TARGETED_DEVICE_FAMILY = "1,2";
			};
			name = Release;
		};
		8EA1485F278FA1AA00872087 /* Debug */ = {
			isa = XCBuildConfiguration;
			buildSettings = {
				ALWAYS_EMBED_SWIFT_STANDARD_LIBRARIES = YES;
				BUNDLE_LOADER = "$(TEST_HOST)";
				CODE_SIGN_STYLE = Automatic;
				CURRENT_PROJECT_VERSION = 1;
				GENERATE_INFOPLIST_FILE = YES;
				IPHONEOS_DEPLOYMENT_TARGET = 15.2;
				MARKETING_VERSION = 1.0;
				PRODUCT_BUNDLE_IDENTIFIER = edu.psu.bxy5090.BreakGroundTests;
				PRODUCT_NAME = "$(TARGET_NAME)";
				SWIFT_EMIT_LOC_STRINGS = NO;
				SWIFT_VERSION = 5.0;
				TARGETED_DEVICE_FAMILY = "1,2";
				TEST_HOST = "$(BUILT_PRODUCTS_DIR)/BreakGround.app/BreakGround";
			};
			name = Debug;
		};
		8EA14860278FA1AA00872087 /* Release */ = {
			isa = XCBuildConfiguration;
			buildSettings = {
				ALWAYS_EMBED_SWIFT_STANDARD_LIBRARIES = YES;
				BUNDLE_LOADER = "$(TEST_HOST)";
				CODE_SIGN_STYLE = Automatic;
				CURRENT_PROJECT_VERSION = 1;
				GENERATE_INFOPLIST_FILE = YES;
				IPHONEOS_DEPLOYMENT_TARGET = 15.2;
				MARKETING_VERSION = 1.0;
				PRODUCT_BUNDLE_IDENTIFIER = edu.psu.bxy5090.BreakGroundTests;
				PRODUCT_NAME = "$(TARGET_NAME)";
				SWIFT_EMIT_LOC_STRINGS = NO;
				SWIFT_VERSION = 5.0;
				TARGETED_DEVICE_FAMILY = "1,2";
				TEST_HOST = "$(BUILT_PRODUCTS_DIR)/BreakGround.app/BreakGround";
			};
			name = Release;
		};
		8EA14862278FA1AA00872087 /* Debug */ = {
			isa = XCBuildConfiguration;
			buildSettings = {
				ALWAYS_EMBED_SWIFT_STANDARD_LIBRARIES = YES;
				"CODE_SIGN_IDENTITY[sdk=macosx*]" = "Apple Development";
				CODE_SIGN_STYLE = Automatic;
				CURRENT_PROJECT_VERSION = 1;
				GENERATE_INFOPLIST_FILE = YES;
				MARKETING_VERSION = 1.0;
				PRODUCT_BUNDLE_IDENTIFIER = edu.psu.bxy5090.BreakGroundUITests;
				PRODUCT_NAME = "$(TARGET_NAME)";
				SWIFT_EMIT_LOC_STRINGS = NO;
				SWIFT_VERSION = 5.0;
				TARGETED_DEVICE_FAMILY = "1,2";
				TEST_TARGET_NAME = BreakGround;
			};
			name = Debug;
		};
		8EA14863278FA1AA00872087 /* Release */ = {
			isa = XCBuildConfiguration;
			buildSettings = {
				ALWAYS_EMBED_SWIFT_STANDARD_LIBRARIES = YES;
				"CODE_SIGN_IDENTITY[sdk=macosx*]" = "Apple Development";
				CODE_SIGN_STYLE = Automatic;
				CURRENT_PROJECT_VERSION = 1;
				GENERATE_INFOPLIST_FILE = YES;
				MARKETING_VERSION = 1.0;
				PRODUCT_BUNDLE_IDENTIFIER = edu.psu.bxy5090.BreakGroundUITests;
				PRODUCT_NAME = "$(TARGET_NAME)";
				SWIFT_EMIT_LOC_STRINGS = NO;
				SWIFT_VERSION = 5.0;
				TARGETED_DEVICE_FAMILY = "1,2";
				TEST_TARGET_NAME = BreakGround;
			};
			name = Release;
		};
/* End XCBuildConfiguration section */

/* Begin XCConfigurationList section */
		8EA14832278FA1A800872087 /* Build configuration list for PBXProject "BreakGround" */ = {
			isa = XCConfigurationList;
			buildConfigurations = (
				8EA14859278FA1AA00872087 /* Debug */,
				8EA1485A278FA1AA00872087 /* Release */,
			);
			defaultConfigurationIsVisible = 0;
			defaultConfigurationName = Release;
		};
		8EA1485B278FA1AA00872087 /* Build configuration list for PBXNativeTarget "BreakGround" */ = {
			isa = XCConfigurationList;
			buildConfigurations = (
				8EA1485C278FA1AA00872087 /* Debug */,
				8EA1485D278FA1AA00872087 /* Release */,
			);
			defaultConfigurationIsVisible = 0;
			defaultConfigurationName = Release;
		};
		8EA1485E278FA1AA00872087 /* Build configuration list for PBXNativeTarget "BreakGroundTests" */ = {
			isa = XCConfigurationList;
			buildConfigurations = (
				8EA1485F278FA1AA00872087 /* Debug */,
				8EA14860278FA1AA00872087 /* Release */,
			);
			defaultConfigurationIsVisible = 0;
			defaultConfigurationName = Release;
		};
		8EA14861278FA1AA00872087 /* Build configuration list for PBXNativeTarget "BreakGroundUITests" */ = {
			isa = XCConfigurationList;
			buildConfigurations = (
				8EA14862278FA1AA00872087 /* Debug */,
				8EA14863278FA1AA00872087 /* Release */,
			);
			defaultConfigurationIsVisible = 0;
			defaultConfigurationName = Release;
		};
/* End XCConfigurationList section */
	};
	rootObject = 8EA1482F278FA1A800872087 /* Project object */;
}
